
Microsoft Visual Studio Solution File, Format Version 12.00
# Visual Studio Version 17
VisualStudioVersion = 17.4.33403.182
MinimumVisualStudioVersion = 10.0.40219.1
Project("{F184B08F-C81C-45F6-A57F-5ABD9991F28F}") = "Veseluxe Password Portal", "Veseluxe Password Portal.vbproj", "{11BBDD6F-1EC4-4062-A7E4-5CEBB8B730FB}"
EndProject
Project("{2150E333-8FDC-42A3-9474-1A3956D46DE8}") = "Solution Items", "Solution Items", "{3861E459-59C9-4E22-BF10-2C2AC69D0AD6}"
	ProjectSection(SolutionItems) = preProject
		.editorconfig = .editorconfig
	EndProjectSection
EndProject
Global
	GlobalSection(SolutionConfigurationPlatforms) = preSolution
		Debug|Any CPU = Debug|Any CPU
		Release|Any CPU = Release|Any CPU
	EndGlobalSection
	GlobalSection(ProjectConfigurationPlatforms) = postSolution
		{11BBDD6F-1EC4-4062-A7E4-5CEBB8B730FB}.Debug|Any CPU.ActiveCfg = Debug|Any CPU
		{11BBDD6F-1EC4-4062-A7E4-5CEBB8B730FB}.Debug|Any CPU.Build.0 = Debug|Any CPU
		{11BBDD6F-1EC4-4062-A7E4-5CEBB8B730FB}.Release|Any CPU.ActiveCfg = Release|Any CPU
		{11BBDD6F-1EC4-4062-A7E4-5CEBB8B730FB}.Release|Any CPU.Build.0 = Release|Any CPU
	EndGlobalSection
	GlobalSection(SolutionProperties) = preSolution
		HideSolutionNode = FALSE
	EndGlobalSection
	GlobalSection(ExtensibilityGlobals) = postSolution
		SolutionGuid = {8565F62E-59EA-413C-83A8-B10E8A4CFFDA}
	EndGlobalSection
EndGlobal
